Microsoft Visual Studio Solution File, Format Version 12.00
# Visual Studio Version 17
VisualStudioVersion = 17.13.35919.96
MinimumVisualStudioVersion = 10.0.40219.1
Project("{FAE04EC0-301F-11D3-BF4B-00C04F79EFBC}") = "WhoIsThatMonke", "WhoIsThatMonke.csproj", "{81DF12B6-D631-0059-BC4A-F0D7E920C765}"
EndProject
Global
	GlobalSection(SolutionConfigurationPlatforms) = preSolution
		Debug|Any CPU = Debug|Any CPU
		Release|Any CPU = Release|Any CPU
	EndGlobalSection
	GlobalSection(ProjectConfigurationPlatforms) = postSolution
		{81DF12B6-D631-0059-BC4A-F0D7E920C765}.Debug|Any CPU.ActiveCfg = Debug|Any CPU
		{81DF12B6-D631-0059-BC4A-F0D7E920C765}.Debug|Any CPU.Build.0 = Debug|Any CPU
		{81DF12B6-D631-0059-BC4A-F0D7E920C765}.Release|Any CPU.ActiveCfg = Release|Any CPU
		{81DF12B6-D631-0059-BC4A-F0D7E920C765}.Release|Any CPU.Build.0 = Release|Any CPU
	EndGlobalSection
	GlobalSection(SolutionProperties) = preSolution
		HideSolutionNode = FALSE
	EndGlobalSection
	GlobalSection(ExtensibilityGlobals) = postSolution
		SolutionGuid = {6FE896FF-9E33-4F5E-A6F4-B431A4AA1D8B}
	EndGlobalSection
EndGlobal
